
Microsoft Visual Studio Solution File, Format Version 12.00
# Visual Studio 15
VisualStudioVersion = 15.0.27703.2042
MinimumVisualStudioVersion = 10.0.40219.1
Project("{8BC9CEB8-8B4A-11D0-8D11-00A0C91BC942}") = "grafikalab", "grafikalab\grafikalab.vcxproj", "{A7D223AF-CCC2-4790-A520-BC4014136FE2}"
EndProject
Global
	GlobalSection(SolutionConfigurationPlatforms) = preSolution
		Debug|x64 = Debug|x64
		Debug|x86 = Debug|x86
		Release|x64 = Release|x64
		Release|x86 = Release|x86
	EndGlobalSection
	GlobalSection(ProjectConfigurationPlatforms) = postSolution
		{A7D223AF-CCC2-4790-A520-BC4014136FE2}.Debug|x64.ActiveCfg = Debug|x64
		{A7D223AF-CCC2-4790-A520-BC4014136FE2}.Debug|x64.Build.0 = Debug|x64
		{A7D223AF-CCC2-4790-A520-BC4014136FE2}.Debug|x86.ActiveCfg = Debug|Win32
		{A7D223AF-CCC2-4790-A520-BC4014136FE2}.Debug|x86.Build.0 = Debug|Win32
		{A7D223AF-CCC2-4790-A520-BC4014136FE2}.Release|x64.ActiveCfg = Release|x64
		{A7D223AF-CCC2-4790-A520-BC4014136FE2}.Release|x64.Build.0 = Release|x64
		{A7D223AF-CCC2-4790-A520-BC4014136FE2}.Release|x86.ActiveCfg = Release|Win32
		{A7D223AF-CCC2-4790-A520-BC4014136FE2}.Release|x86.Build.0 = Release|Win32
	EndGlobalSection
	GlobalSection(SolutionProperties) = preSolution
		HideSolutionNode = FALSE
	EndGlobalSection
	GlobalSection(ExtensibilityGlobals) = postSolution
		SolutionGuid = {E7E79691-9886-44D5-B188-2F736FA1EBD3}
	EndGlobalSection
EndGlobal
